{
	"name": "ms-to-frames",
	"version": "1.0.0",
	"lockfileVersion": 1,
	"requires": true,
	"dependencies": {
		"ms-to-timecode": {
			"version": "0.1.2",
			"resolved": "https://registry.npmjs.org/ms-to-timecode/-/ms-to-timecode-0.1.2.tgz",
			"integrity": "sha512-4KTLVumZXsLp6dxHp16xTnHAXhumA6vwPImeb++hgVgZC7SOOqMfvmCYvSeeSLPBlxdbYqDNDlXnrW9DNHYTbg=="
		},
		"timecode": {
			"version": "0.0.4",
			"resolved": "https://registry.npmjs.org/timecode/-/timecode-0.0.4.tgz",
			"integrity": "sha512-xFVZlWnqls5eVphtUJo0UuXeJa0grBmxESSn5QPQB7CMsaVgTnLdP9PTZqb4KyFmLdrE+PUu3eEt42zHsMxCtw=="
		}
	}
}
